
Microsoft Visual Studio Solution File, Format Version 12.00
# Visual Studio Version 16
VisualStudioVersion = 16.0.28803.156
MinimumVisualStudioVersion = 10.0.40219.1
Project("{8BC9CEB8-8B4A-11D0-8D11-00A0C91BC942}") = "Space Invaders", "Space Invaders\Space Invaders.vcxproj", "{BF62EBE0-A4F6-4B3C-9C33-40E4D854227F}"
EndProject
Global
	GlobalSection(SolutionConfigurationPlatforms) = preSolution
		Debug|x64 = Debug|x64
		Debug|x86 = Debug|x86
		Release|x64 = Release|x64
		Release|x86 = Release|x86
	EndGlobalSection
	GlobalSection(ProjectConfigurationPlatforms) = postSolution
		{BF62EBE0-A4F6-4B3C-9C33-40E4D854227F}.Debug|x64.ActiveCfg = Debug|x64
		{BF62EBE0-A4F6-4B3C-9C33-40E4D854227F}.Debug|x64.Build.0 = Debug|x64
		{BF62EBE0-A4F6-4B3C-9C33-40E4D854227F}.Debug|x86.ActiveCfg = Debug|Win32
		{BF62EBE0-A4F6-4B3C-9C33-40E4D854227F}.Debug|x86.Build.0 = Debug|Win32
		{BF62EBE0-A4F6-4B3C-9C33-40E4D854227F}.Release|x64.ActiveCfg = Release|x64
		{BF62EBE0-A4F6-4B3C-9C33-40E4D854227F}.Release|x64.Build.0 = Release|x64
		{BF62EBE0-A4F6-4B3C-9C33-40E4D854227F}.Release|x86.ActiveCfg = Release|Win32
		{BF62EBE0-A4F6-4B3C-9C33-40E4D854227F}.Release|x86.Build.0 = Release|Win32
	EndGlobalSection
	GlobalSection(SolutionProperties) = preSolution
		HideSolutionNode = FALSE
	EndGlobalSection
	GlobalSection(ExtensibilityGlobals) = postSolution
		SolutionGuid = {48944062-DA08-4AAD-8082-48E7DCFA25D7}
	EndGlobalSection
EndGlobal
